<?xml version="1.0" encoding="utf-8"?>
<Project ToolsVersion="4.0" xmlns="http://schemas.microsoft.com/developer/msbuild/2003">
  <ItemGroup>
    <ClCompile Include="Models\character_factory\characterfactory.cpp" />
    <ClCompile Include="Models\combat_handler\combathandler.cpp" />
    <ClCompile Include="Models\greeter\greeter.cpp" />
    <ClCompile Include="Models\unit\unit.cpp" />
    <ClCompile Include="stdafx.cpp" />
    <ClCompile Include="textbasedgame.cpp" />
    <ClCompile Include="Game\game.cpp" />
  </ItemGroup>
  <ItemGroup>
    <ClInclude Include="Models\character_factory\characterfactory.h" />
    <ClInclude Include="Models\combat_handler\combathandler.h" />
    <ClInclude Include="Models\greeter\greeter.h" />
    <ClInclude Include="Models\unit\unit.h" />
    <ClInclude Include="stdafx.h" />
    <ClInclude Include="targetver.h" />
    <ClInclude Include="Game\game.h" />
  </ItemGroup>
  <ItemGroup>
    <Text Include="ReadMe.txt" />
  </ItemGroup>
</Project>